// !$*UTF8*$!
{
	archiveVersion = 1;
	classes = {
	};
	objectVersion = 50;
	objects = {

/* Begin PBXBuildFile section */
		0B00D86B23AEB105007DADCF /* AppDelegate.swift in Sources */ = {isa = PBXBuildFile; fileRef = 0B00D86A23AEB105007DADCF /* AppDelegate.swift */; };
		0B00D86D23AEB105007DADCF /* SceneDelegate.swift in Sources */ = {isa = PBXBuildFile; fileRef = 0B00D86C23AEB105007DADCF /* SceneDelegate.swift */; };
		0B00D86F23AEB105007DADCF /* ViewController.swift in Sources */ = {isa = PBXBuildFile; fileRef = 0B00D86E23AEB105007DADCF /* ViewController.swift */; };
		0B00D87223AEB105007DADCF /* Main.storyboard in Resources */ = {isa = PBXBuildFile; fileRef = 0B00D87023AEB105007DADCF /* Main.storyboard */; };
		0B00D87423AEB106007DADCF /* Assets.xcassets in Resources */ = {isa = PBXBuildFile; fileRef = 0B00D87323AEB106007DADCF /* Assets.xcassets */; };
		0B00D87723AEB106007DADCF /* LaunchScreen.storyboard in Resources */ = {isa = PBXBuildFile; fileRef = 0B00D87523AEB106007DADCF /* LaunchScreen.storyboard */; };
		0B10553A23AF7D6F006B1984 /* SimpleSound.swift in Sources */ = {isa = PBXBuildFile; fileRef = 0B10553623AF7D6E006B1984 /* SimpleSound.swift */; };
		0B10553B23AF7D6F006B1984 /* meow.m4a in Resources */ = {isa = PBXBuildFile; fileRef = 0B10553723AF7D6E006B1984 /* meow.m4a */; };
		0B10553C23AF7D6F006B1984 /* moo.m4a in Resources */ = {isa = PBXBuildFile; fileRef = 0B10553823AF7D6E006B1984 /* moo.m4a */; };
		0B10553D23AF7D6F006B1984 /* woof.m4a in Resources */ = {isa = PBXBuildFile; fileRef = 0B10553923AF7D6E006B1984 /* woof.m4a */; };
/* End PBXBuildFile section */

/* Begin PBXFileReference section */
		0B00D86723AEB105007DADCF /* AnimalSounds.app */ = {isa = PBXFileReference; explicitFileType = wrapper.application; includeInIndex = 0; path = AnimalSounds.app; sourceTree = BUILT_PRODUCTS_DIR; };
		0B00D86A23AEB105007DADCF /* AppDelegate.swift */ = {isa = PBXFileReference; lastKnownFileType = sourcecode.swift; path = AppDelegate.swift; sourceTree = "<group>"; };
		0B00D86C23AEB105007DADCF /* SceneDelegate.swift */ = {isa = PBXFileReference; lastKnownFileType = sourcecode.swift; path = SceneDelegate.swift; sourceTree = "<group>"; };
		0B00D86E23AEB105007DADCF /* ViewController.swift */ = {isa = PBXFileReference; lastKnownFileType = sourcecode.swift; path = ViewController.swift; sourceTree = "<group>"; };
		0B00D87123AEB105007DADCF /* Base */ = {isa = PBXFileReference; lastKnownFileType = file.storyboard; name = Base; path = Base.lproj/Main.storyboard; sourceTree = "<group>"; };
		0B00D87323AEB106007DADCF /* Assets.xcassets */ = {isa = PBXFileReference; lastKnownFileType = folder.assetcatalog; path = Assets.xcassets; sourceTree = "<group>"; };
		0B00D87623AEB106007DADCF /* Base */ = {isa = PBXFileReference; lastKnownFileType = file.storyboard; name = Base; path = Base.lproj/LaunchScreen.storyboard; sourceTree = "<group>"; };
		0B00D87823AEB106007DADCF /* Info.plist */ = {isa = PBXFileReference; lastKnownFileType = text.plist.xml; path = Info.plist; sourceTree = "<group>"; };
		0B10553623AF7D6E006B1984 /* SimpleSound.swift */ = {isa = PBXFileReference; fileEncoding = 4; lastKnownFileType = sourcecode.swift; path = SimpleSound.swift; sourceTree = "<group>"; };
		0B10553723AF7D6E006B1984 /* meow.m4a */ = {isa = PBXFileReference; lastKnownFileType = file; path = meow.m4a; sourceTree = "<group>"; };
		0B10553823AF7D6E006B1984 /* moo.m4a */ = {isa = PBXFileReference; lastKnownFileType = file; path = moo.m4a; sourceTree = "<group>"; };
		0B10553923AF7D6E006B1984 /* woof.m4a */ = {isa = PBXFileReference; lastKnownFileType = file; path = woof.m4a; sourceTree = "<group>"; };
/* End PBXFileReference section */

/* Begin PBXFrameworksBuildPhase section */
		0B00D86423AEB105007DADCF /* Frameworks */ = {
			isa = PBXFrameworksBuildPhase;
			buildActionMask = 2147483647;
			files = (
			);
			runOnlyForDeploymentPostprocessing = 0;
		};
/* End PBXFrameworksBuildPhase section */

/* Begin PBXGroup section */
		0B00D85E23AEB105007DADCF = {
			isa = PBXGroup;
			children = (
				0B00D86923AEB105007DADCF /* AnimalSounds */,
				0B00D86823AEB105007DADCF /* Products */,
			);
			sourceTree = "<group>";
		};
		0B00D86823AEB105007DADCF /* Products */ = {
			isa = PBXGroup;
			children = (
				0B00D86723AEB105007DADCF /* AnimalSounds.app */,
			);
			name = Products;
			sourceTree = "<group>";
		};
		0B00D86923AEB105007DADCF /* AnimalSounds */ = {
			isa = PBXGroup;
			children = (
				0B10553723AF7D6E006B1984 /* meow.m4a */,
				0B10553823AF7D6E006B1984 /* moo.m4a */,
				0B10553623AF7D6E006B1984 /* SimpleSound.swift */,
				0B10553923AF7D6E006B1984 /* woof.m4a */,
				0B00D86A23AEB105007DADCF /* AppDelegate.swift */,
				0B00D86C23AEB105007DADCF /* SceneDelegate.swift */,
				0B00D86E23AEB105007DADCF /* ViewController.swift */,
				0B00D87023AEB105007DADCF /* Main.storyboard */,
				0B00D87323AEB106007DADCF /* Assets.xcassets */,
				0B00D87523AEB106007DADCF /* LaunchScreen.storyboard */,
				0B00D87823AEB106007DADCF /* Info.plist */,
			);
			path = AnimalSounds;
			sourceTree = "<group>";
		};
/* End PBXGroup section */

/* Begin PBXNativeTarget section */
		0B00D86623AEB105007DADCF /* AnimalSounds */ = {
			isa = PBXNativeTarget;
			buildConfigurationList = 0B00D87B23AEB106007DADCF /* Build configuration list for PBXNativeTarget "AnimalSounds" */;
			buildPhases = (
				0B00D86323AEB105007DADCF /* Sources */,
				0B00D86423AEB105007DADCF /* Frameworks */,
				0B00D86523AEB105007DADCF /* Resources */,
			);
			buildRules = (
			);
			dependencies = (
			);
			name = AnimalSounds;
			productName = AnimalSounds;
			productReference = 0B00D86723AEB105007DADCF /* AnimalSounds.app */;
			productType = "com.apple.product-type.application";
		};
/* End PBXNativeTarget section */

/* Begin PBXProject section */
		0B00D85F23AEB105007DADCF /* Project object */ = {
			isa = PBXProject;
			attributes = {
				LastSwiftUpdateCheck = 1120;
				LastUpgradeCheck = 1120;
				ORGANIZATIONNAME = "Volodymyr Ostapyshyn";
				TargetAttributes = {
					0B00D86623AEB105007DADCF = {
						CreatedOnToolsVersion = 11.2.1;
					};
				};
			};
			buildConfigurationList = 0B00D86223AEB105007DADCF /* Build configuration list for PBXProject "AnimalSounds" */;
			compatibilityVersion = "Xcode 9.3";
			developmentRegion = en;
			hasScannedForEncodings = 0;
			knownRegions = (
				en,
				Base,
			);
			mainGroup = 0B00D85E23AEB105007DADCF;
			productRefGroup = 0B00D86823AEB105007DADCF /* Products */;
			projectDirPath = "";
			projectRoot = "";
			targets = (
				0B00D86623AEB105007DADCF /* AnimalSounds */,
			);
		};
/* End PBXProject section */

/* Begin PBXResourcesBuildPhase section */
		0B00D86523AEB105007DADCF /* Resources */ = {
			isa = PBXResourcesBuildPhase;
			buildActionMask = 2147483647;
			files = (
				0B10553B23AF7D6F006B1984 /* meow.m4a in Resources */,
				0B10553D23AF7D6F006B1984 /* woof.m4a in Resources */,
				0B10553C23AF7D6F006B1984 /* moo.m4a in Resources */,
				0B00D87723AEB106007DADCF /* LaunchScreen.storyboard in Resources */,
				0B00D87423AEB106007DADCF /* Assets.xcassets in Resources */,
				0B00D87223AEB105007DADCF /* Main.storyboard in Resources */,
			);
			runOnlyForDeploymentPostprocessing = 0;
		};
/* End PBXResourcesBuildPhase section */

/* Begin PBXSourcesBuildPhase section */
		0B00D86323AEB105007DADCF /* Sources */ = {
			isa = PBXSourcesBuildPhase;
			buildActionMask = 2147483647;
			files = (
				0B00D86F23AEB105007DADCF /* ViewController.swift in Sources */,
				0B00D86B23AEB105007DADCF /* AppDelegate.swift in Sources */,
				0B00D86D23AEB105007DADCF /* SceneDelegate.swift in Sources */,
				0B10553A23AF7D6F006B1984 /* SimpleSound.swift in Sources */,
			);
			runOnlyForDeploymentPostprocessing = 0;
		};
/* End PBXSourcesBuildPhase section */

/* Begin PBXVariantGroup section */
		0B00D87023AEB105007DADCF /* Main.storyboard */ = {
			isa = PBXVariantGroup;
			children = (
				0B00D87123AEB105007DADCF /* Base */,
			);
			name = Main.storyboard;
			sourceTree = "<group>";
		};
		0B00D87523AEB106007DADCF /* LaunchScreen.storyboard */ = {
			isa = PBXVariantGroup;
			children = (
				0B00D87623AEB106007DADCF /* Base */,
			);
			name = LaunchScreen.storyboard;
			sourceTree = "<group>";
		};
/* End PBXVariantGroup section */

/* Begin XCBuildConfiguration section */
		0B00D87923AEB106007DADCF /* Debug */ = {
			isa = XCBuildConfiguration;
			buildSettings = {
				ALWAYS_SEARCH_USER_PATHS = NO;
				CLANG_ANALYZER_NONNULL = YES;
				CLANG_ANALYZER_NUMBER_OBJECT_CONVERSION = YES_AGGRESSIVE;
				CLANG_CXX_LANGUAGE_STANDARD = "gnu++14";
				CLANG_CXX_LIBRARY = "libc++";
				CLANG_ENABLE_MODULES = YES;
				CLANG_ENABLE_OBJC_ARC = YES;
				CLANG_ENABLE_OBJC_WEAK = YES;
				CLANG_WARN_BLOCK_CAPTURE_AUTORELEASING = YES;
				CLANG_WARN_BOOL_CONVERSION = YES;
				CLANG_WARN_COMMA = YES;
				CLANG_WARN_CONSTANT_CONVERSION = YES;
				CLANG_WARN_DEPRECATED_OBJC_IMPLEMENTATIONS = YES;
				CLANG_WARN_DIRECT_OBJC_ISA_USAGE = YES_ERROR;
				CLANG_WARN_DOCUMENTATION_COMMENTS = YES;
				CLANG_WARN_EMPTY_BODY = YES;
				CLANG_WARN_ENUM_CONVERSION = YES;
				CLANG_WARN_INFINITE_RECURSION = YES;
				CLANG_WARN_INT_CONVERSION = YES;
				CLANG_WARN_NON_LITERAL_NULL_CONVERSION = YES;
				CLANG_WARN_OBJC_IMPLICIT_RETAIN_SELF = YES;
				CLANG_WARN_OBJC_LITERAL_CONVERSION = YES;
				CLANG_WARN_OBJC_ROOT_CLASS = YES_ERROR;
				CLANG_WARN_RANGE_LOOP_ANALYSIS = YES;
				CLANG_WARN_STRICT_PROTOTYPES = YES;
				CLANG_WARN_SUSPICIOUS_MOVE = YES;
				CLANG_WARN_UNGUARDED_AVAILABILITY = YES_AGGRESSIVE;
				CLANG_WARN_UNREACHABLE_CODE = YES;
				CLANG_WARN__DUPLICATE_METHOD_MATCH = YES;
				COPY_PHASE_STRIP = NO;
				DEBUG_INFORMATION_FORMAT = dwarf;
				ENABLE_STRICT_OBJC_MSGSEND = YES;
				ENABLE_TESTABILITY = YES;
				GCC_C_LANGUAGE_STANDARD = gnu11;
				GCC_DYNAMIC_NO_PIC = NO;
				GCC_NO_COMMON_BLOCKS = YES;
				GCC_OPTIMIZATION_LEVEL = 0;
				GCC_PREPROCESSOR_DEFINITIONS = (
					"DEBUG=1",
					"$(inherited)",
				);
				GCC_WARN_64_TO_32_BIT_CONVERSION = YES;
				GCC_WARN_ABOUT_RETURN_TYPE = YES_ERROR;
				GCC_WARN_UNDECLARED_SELECTOR = YES;
				GCC_WARN_UNINITIALIZED_AUTOS = YES_AGGRESSIVE;
				GCC_WARN_UNUSED_FUNCTION = YES;
				GCC_WARN_UNUSED_VARIABLE = YES;
				IPHONEOS_DEPLOYMENT_TARGET = 13.2;
				MTL_ENABLE_DEBUG_INFO = INCLUDE_SOURCE;
				MTL_FAST_MATH = YES;
				ONLY_ACTIVE_ARCH = YES;
				SDKROOT = iphoneos;
				SWIFT_ACTIVE_COMPILATION_CONDITIONS = DEBUG;
				SWIFT_OPTIMIZATION_LEVEL = "-Onone";
			};
			name = Debug;
		};
		0B00D87A23AEB106007DADCF /* Release */ = {
			isa = XCBuildConfiguration;
			buildSettings = {
				ALWAYS_SEARCH_USER_PATHS = NO;
				CLANG_ANALYZER_NONNULL = YES;
				CLANG_ANALYZER_NUMBER_OBJECT_CONVERSION = YES_AGGRESSIVE;
				CLANG_CXX_LANGUAGE_STANDARD = "gnu++14";
				CLANG_CXX_LIBRARY = "libc++";
				CLANG_ENABLE_MODULES = YES;
				CLANG_ENABLE_OBJC_ARC = YES;
				CLANG_ENABLE_OBJC_WEAK = YES;
				CLANG_WARN_BLOCK_CAPTURE_AUTORELEASING = YES;
				CLANG_WARN_BOOL_CONVERSION = YES;
				CLANG_WARN_COMMA = YES;
				CLANG_WARN_CONSTANT_CONVERSION = YES;
				CLANG_WARN_DEPRECATED_OBJC_IMPLEMENTATIONS = YES;
				CLANG_WARN_DIRECT_OBJC_ISA_USAGE = YES_ERROR;
				CLANG_WARN_DOCUMENTATION_COMMENTS = YES;
				CLANG_WARN_EMPTY_BODY = YES;
				CLANG_WARN_ENUM_CONVERSION = YES;
				CLANG_WARN_INFINITE_RECURSION = YES;
				CLANG_WARN_INT_CONVERSION = YES;
				CLANG_WARN_NON_LITERAL_NULL_CONVERSION = YES;
				CLANG_WARN_OBJC_IMPLICIT_RETAIN_SELF = YES;
				CLANG_WARN_OBJC_LITERAL_CONVERSION = YES;
				CLANG_WARN_OBJC_ROOT_CLASS = YES_ERROR;
				CLANG_WARN_RANGE_LOOP_ANALYSIS = YES;
				CLANG_WARN_STRICT_PROTOTYPES = YES;
				CLANG_WARN_SUSPICIOUS_MOVE = YES;
				CLANG_WARN_UNGUARDED_AVAILABILITY = YES_AGGRESSIVE;
				CLANG_WARN_UNREACHABLE_CODE = YES;
				CLANG_WARN__DUPLICATE_METHOD_MATCH = YES;
				COPY_PHASE_STRIP = NO;
				DEBUG_INFORMATION_FORMAT = "dwarf-with-dsym";
				ENABLE_NS_ASSERTIONS = NO;
				ENABLE_STRICT_OBJC_MSGSEND = YES;
				GCC_C_LANGUAGE_STANDARD = gnu11;
				GCC_NO_COMMON_BLOCKS = YES;
				GCC_WARN_64_TO_32_BIT_CONVERSION = YES;
				GCC_WARN_ABOUT_RETURN_TYPE = YES_ERROR;
				GCC_WARN_UNDECLARED_SELECTOR = YES;
				GCC_WARN_UNINITIALIZED_AUTOS = YES_AGGRESSIVE;
				GCC_WARN_UNUSED_FUNCTION = YES;
				GCC_WARN_UNUSED_VARIABLE = YES;
				IPHONEOS_DEPLOYMENT_TARGET = 13.2;
				MTL_ENABLE_DEBUG_INFO = NO;
				MTL_FAST_MATH = YES;
				SDKROOT = iphoneos;
				SWIFT_COMPILATION_MODE = wholemodule;
				SWIFT_OPTIMIZATION_LEVEL = "-O";
				VALIDATE_PRODUCT = YES;
			};
			name = Release;
		};
		0B00D87C23AEB106007DADCF /* Debug */ = {
			isa = XCBuildConfiguration;
			buildSettings = {
				ASSETCATALOG_COMPILER_APPICON_NAME = AppIcon;
				CODE_SIGN_STYLE = Automatic;
				INFOPLIST_FILE = AnimalSounds/Info.plist;
				LD_RUNPATH_SEARCH_PATHS = (
					"$(inherited)",
					"@executable_path/Frameworks",
				);
				PRODUCT_BUNDLE_IDENTIFIER = com.example.AnimalSounds;
				PRODUCT_NAME = "$(TARGET_NAME)";
				SWIFT_VERSION = 5.0;
				TARGETED_DEVICE_FAMILY = "1,2";
			};
			name = Debug;
		};
		0B00D87D23AEB106007DADCF /* Release */ = {
			isa = XCBuildConfiguration;
			buildSettings = {
				ASSETCATALOG_COMPILER_APPICON_NAME = AppIcon;
				CODE_SIGN_STYLE = Automatic;
				INFOPLIST_FILE = AnimalSounds/Info.plist;
				LD_RUNPATH_SEARCH_PATHS = (
					"$(inherited)",
					"@executable_path/Frameworks",
				);
				PRODUCT_BUNDLE_IDENTIFIER = com.example.AnimalSounds;
				PRODUCT_NAME = "$(TARGET_NAME)";
				SWIFT_VERSION = 5.0;
				TARGETED_DEVICE_FAMILY = "1,2";
			};
			name = Release;
		};
/* End XCBuildConfiguration section */

/* Begin XCConfigurationList section */
		0B00D86223AEB105007DADCF /* Build configuration list for PBXProject "AnimalSounds" */ = {
			isa = XCConfigurationList;
			buildConfigurations = (
				0B00D87923AEB106007DADCF /* Debug */,
				0B00D87A23AEB106007DADCF /* Release */,
			);
			defaultConfigurationIsVisible = 0;
			defaultConfigurationName = Release;
		};
		0B00D87B23AEB106007DADCF /* Build configuration list for PBXNativeTarget "AnimalSounds" */ = {
			isa = XCConfigurationList;
			buildConfigurations = (
				0B00D87C23AEB106007DADCF /* Debug */,
				0B00D87D23AEB106007DADCF /* Release */,
			);
			defaultConfigurationIsVisible = 0;
			defaultConfigurationName = Release;
		};
/* End XCConfigurationList section */
	};
	rootObject = 0B00D85F23AEB105007DADCF /* Project object */;
}
